
Microsoft Visual Studio Solution File, Format Version 12.00
# Visual Studio Version 17
VisualStudioVersion = 17.8.34511.84
MinimumVisualStudioVersion = 10.0.40219.1
Project("{9A19103F-16F7-4668-BE54-9A1E7A4F7556}") = "WareHouseManagement.API", "WareHouseManagement.API\WareHouseManagement.API.csproj", "{2ABA88C0-F7CE-4A90-BCCA-916F0E7B0AEE}"
EndProject
Project("{9A19103F-16F7-4668-BE54-9A1E7A4F7556}") = "WareHouseManagement.Repository", "WareHouseManagement.Repository\WareHouseManagement.Repository.csproj", "{CC79F30E-A0C4-41BB-9B1C-472A3C5E3B52}"
EndProject
Project("{E53339B2-1760-4266-BCC7-CA923CBCF16C}") = "docker-compose", "docker-compose.dcproj", "{30FE3955-DA88-4EB0-879D-D2AADD204FF8}"
EndProject
Global
	GlobalSection(SolutionConfigurationPlatforms) = preSolution
		Debug|Any CPU = Debug|Any CPU
		Release|Any CPU = Release|Any CPU
	EndGlobalSection
	GlobalSection(ProjectConfigurationPlatforms) = postSolution
		{2ABA88C0-F7CE-4A90-BCCA-916F0E7B0AEE}.Debug|Any CPU.ActiveCfg = Debug|Any CPU
		{2ABA88C0-F7CE-4A90-BCCA-916F0E7B0AEE}.Debug|Any CPU.Build.0 = Debug|Any CPU
		{2ABA88C0-F7CE-4A90-BCCA-916F0E7B0AEE}.Release|Any CPU.ActiveCfg = Release|Any CPU
		{2ABA88C0-F7CE-4A90-BCCA-916F0E7B0AEE}.Release|Any CPU.Build.0 = Release|Any CPU
		{CC79F30E-A0C4-41BB-9B1C-472A3C5E3B52}.Debug|Any CPU.ActiveCfg = Debug|Any CPU
		{CC79F30E-A0C4-41BB-9B1C-472A3C5E3B52}.Debug|Any CPU.Build.0 = Debug|Any CPU
		{CC79F30E-A0C4-41BB-9B1C-472A3C5E3B52}.Release|Any CPU.ActiveCfg = Release|Any CPU
		{CC79F30E-A0C4-41BB-9B1C-472A3C5E3B52}.Release|Any CPU.Build.0 = Release|Any CPU
		{30FE3955-DA88-4EB0-879D-D2AADD204FF8}.Debug|Any CPU.ActiveCfg = Debug|Any CPU
		{30FE3955-DA88-4EB0-879D-D2AADD204FF8}.Debug|Any CPU.Build.0 = Debug|Any CPU
		{30FE3955-DA88-4EB0-879D-D2AADD204FF8}.Release|Any CPU.ActiveCfg = Release|Any CPU
		{30FE3955-DA88-4EB0-879D-D2AADD204FF8}.Release|Any CPU.Build.0 = Release|Any CPU
	EndGlobalSection
	GlobalSection(SolutionProperties) = preSolution
		HideSolutionNode = FALSE
	EndGlobalSection
	GlobalSection(ExtensibilityGlobals) = postSolution
		SolutionGuid = {9A1EA2ED-60F9-4B14-BD6A-E99F128F1A57}
	EndGlobalSection
EndGlobal
